
Microsoft Visual Studio Solution File, Format Version 12.00
Project("{FAE04EC0-301F-11D3-BF4B-00C04F79EFBC}") = "ReQuest", "ReQuest\ReQuest.csproj", "{C71B9DB6-967D-4640-8D76-AF41784D8BDA}"
EndProject
Project("{2150E333-8FDC-42A3-9474-1A3956D46DE8}") = "Solution Items", "Solution Items", "{20936062-A7C9-4FED-B353-E5691F6C6330}"
	ProjectSection(SolutionItems) = preProject
		compose.yaml = compose.yaml
	EndProjectSection
EndProject
Project("{FAE04EC0-301F-11D3-BF4B-00C04F79EFBC}") = "ReQuest-backend", "ReQuest-backend\ReQuest-backend.csproj", "{0C8A5464-2D47-4224-94D8-030F8A823A61}"
EndProject
Global
	GlobalSection(SolutionConfigurationPlatforms) = preSolution
		Debug|Any CPU = Debug|Any CPU
		Release|Any CPU = Release|Any CPU
	EndGlobalSection
	GlobalSection(ProjectConfigurationPlatforms) = postSolution
		{C71B9DB6-967D-4640-8D76-AF41784D8BDA}.Debug|Any CPU.ActiveCfg = Debug|Any CPU
		{C71B9DB6-967D-4640-8D76-AF41784D8BDA}.Debug|Any CPU.Build.0 = Debug|Any CPU
		{C71B9DB6-967D-4640-8D76-AF41784D8BDA}.Release|Any CPU.ActiveCfg = Release|Any CPU
		{C71B9DB6-967D-4640-8D76-AF41784D8BDA}.Release|Any CPU.Build.0 = Release|Any CPU
		{0C8A5464-2D47-4224-94D8-030F8A823A61}.Debug|Any CPU.ActiveCfg = Debug|Any CPU
		{0C8A5464-2D47-4224-94D8-030F8A823A61}.Debug|Any CPU.Build.0 = Debug|Any CPU
		{0C8A5464-2D47-4224-94D8-030F8A823A61}.Release|Any CPU.ActiveCfg = Release|Any CPU
		{0C8A5464-2D47-4224-94D8-030F8A823A61}.Release|Any CPU.Build.0 = Release|Any CPU
	EndGlobalSection
EndGlobal
